
Microsoft Visual Studio Solution File, Format Version 12.00
# Visual Studio Version 16
VisualStudioVersion = 16.0.31624.102
MinimumVisualStudioVersion = 10.0.40219.1
Project("{9A19103F-16F7-4668-BE54-9A1E7A4F7556}") = "WebApplication1", "WebApplication1\WebApplication1.csproj", "{6AD29956-3A04-4194-80FE-085F22F44CBC}"
EndProject
Global
	GlobalSection(SolutionConfigurationPlatforms) = preSolution
		Debug|Any CPU = Debug|Any CPU
		Release|Any CPU = Release|Any CPU
	EndGlobalSection
	GlobalSection(ProjectConfigurationPlatforms) = postSolution
		{6AD29956-3A04-4194-80FE-085F22F44CBC}.Debug|Any CPU.ActiveCfg = Debug|Any CPU
		{6AD29956-3A04-4194-80FE-085F22F44CBC}.Debug|Any CPU.Build.0 = Debug|Any CPU
		{6AD29956-3A04-4194-80FE-085F22F44CBC}.Release|Any CPU.ActiveCfg = Release|Any CPU
		{6AD29956-3A04-4194-80FE-085F22F44CBC}.Release|Any CPU.Build.0 = Release|Any CPU
	EndGlobalSection
	GlobalSection(SolutionProperties) = preSolution
		HideSolutionNode = FALSE
	EndGlobalSection
	GlobalSection(ExtensibilityGlobals) = postSolution
		SolutionGuid = {B5F9AF1A-7502-4ED7-A2AB-5CFCB8EF6217}
	EndGlobalSection
EndGlobal
